
Microsoft Visual Studio Solution File, Format Version 12.00
# Visual Studio Version 16
VisualStudioVersion = 16.0.30717.126
MinimumVisualStudioVersion = 10.0.40219.1
Project("{FAE04EC0-301F-11D3-BF4B-00C04F79EFBC}") = "n11", "n11\n11.csproj", "{868BCC20-CA45-45D4-935A-1E4E00A19F78}"
EndProject
Global
	GlobalSection(SolutionConfigurationPlatforms) = preSolution
		Debug|Any CPU = Debug|Any CPU
		Release|Any CPU = Release|Any CPU
	EndGlobalSection
	GlobalSection(ProjectConfigurationPlatforms) = postSolution
		{868BCC20-CA45-45D4-935A-1E4E00A19F78}.Debug|Any CPU.ActiveCfg = Debug|Any CPU
		{868BCC20-CA45-45D4-935A-1E4E00A19F78}.Debug|Any CPU.Build.0 = Debug|Any CPU
		{868BCC20-CA45-45D4-935A-1E4E00A19F78}.Release|Any CPU.ActiveCfg = Release|Any CPU
		{868BCC20-CA45-45D4-935A-1E4E00A19F78}.Release|Any CPU.Build.0 = Release|Any CPU
	EndGlobalSection
	GlobalSection(SolutionProperties) = preSolution
		HideSolutionNode = FALSE
	EndGlobalSection
	GlobalSection(ExtensibilityGlobals) = postSolution
		SolutionGuid = {00BA21A6-B4F8-451B-A929-710C49EBC497}
	EndGlobalSection
EndGlobal
